// !$*UTF8*$!
{
	archiveVersion = 1;
	classes = {
	};
	objectVersion = 50;
	objects = {

/* Begin PBXBuildFile section */
		57037E5B0C2EE26B87C383B1 /* libPods-Test.a in Frameworks */ = {isa = PBXBuildFile; fileRef = 54708D66E9D69338CA0B67A3 /* libPods-Test.a */; };
		B515947721365AF500AE94DB /* AppDelegate.m in Sources */ = {isa = PBXBuildFile; fileRef = B515947621365AF500AE94DB /* AppDelegate.m */; };
		B515947A21365AF500AE94DB /* ViewController.m in Sources */ = {isa = PBXBuildFile; fileRef = B515947921365AF500AE94DB /* ViewController.m */; };
		B515947D21365AF500AE94DB /* Main.storyboard in Resources */ = {isa = PBXBuildFile; fileRef = B515947B21365AF500AE94DB /* Main.storyboard */; };
		B515947F21365AF700AE94DB /* Assets.xcassets in Resources */ = {isa = PBXBuildFile; fileRef = B515947E21365AF700AE94DB /* Assets.xcassets */; };
		B515948221365AF700AE94DB /* LaunchScreen.storyboard in Resources */ = {isa = PBXBuildFile; fileRef = B515948021365AF700AE94DB /* LaunchScreen.storyboard */; };
		B515948521365AF700AE94DB /* main.m in Sources */ = {isa = PBXBuildFile; fileRef = B515948421365AF700AE94DB /* main.m */; };
		B515948F21365AF700AE94DB /* TestTests.m in Sources */ = {isa = PBXBuildFile; fileRef = B515948E21365AF700AE94DB /* TestTests.m */; };
		B515949A21365AF700AE94DB /* TestUITests.m in Sources */ = {isa = PBXBuildFile; fileRef = B515949921365AF700AE94DB /* TestUITests.m */; };
/* End PBXBuildFile section */

/* Begin PBXContainerItemProxy section */
		B515948B21365AF700AE94DB /* PBXContainerItemProxy */ = {
			isa = PBXContainerItemProxy;
			containerPortal = B515946A21365AF500AE94DB /* Project object */;
			proxyType = 1;
			remoteGlobalIDString = B515947121365AF500AE94DB;
			remoteInfo = Test;
		};
		B515949621365AF700AE94DB /* PBXContainerItemProxy */ = {
			isa = PBXContainerItemProxy;
			containerPortal = B515946A21365AF500AE94DB /* Project object */;
			proxyType = 1;
			remoteGlobalIDString = B515947121365AF500AE94DB;
			remoteInfo = Test;
		};
/* End PBXContainerItemProxy section */

/* Begin PBXFileReference section */
		110103A75E304C565CB93275 /* Pods-Test.release.xcconfig */ = {isa = PBXFileReference; includeInIndex = 1; lastKnownFileType = text.xcconfig; name = "Pods-Test.release.xcconfig"; path = "Pods/Target Support Files/Pods-Test/Pods-Test.release.xcconfig"; sourceTree = "<group>"; };
		1C29EBF011869FE0606EBFDF /* Pods-Test.debug.xcconfig */ = {isa = PBXFileReference; includeInIndex = 1; lastKnownFileType = text.xcconfig; name = "Pods-Test.debug.xcconfig"; path = "Pods/Target Support Files/Pods-Test/Pods-Test.debug.xcconfig"; sourceTree = "<group>"; };
		54708D66E9D69338CA0B67A3 /* libPods-Test.a */ = {isa = PBXFileReference; explicitFileType = archive.ar; includeInIndex = 0; path = "libPods-Test.a"; sourceTree = BUILT_PRODUCTS_DIR; };
		B515947221365AF500AE94DB /* Test.app */ = {isa = PBXFileReference; explicitFileType = wrapper.application; includeInIndex = 0; path = Test.app; sourceTree = BUILT_PRODUCTS_DIR; };
		B515947521365AF500AE94DB /* AppDelegate.h */ = {isa = PBXFileReference; lastKnownFileType = sourcecode.c.h; path = AppDelegate.h; sourceTree = "<group>"; };
		B515947621365AF500AE94DB /* AppDelegate.m */ = {isa = PBXFileReference; lastKnownFileType = sourcecode.c.objc; path = AppDelegate.m; sourceTree = "<group>"; };
		B515947821365AF500AE94DB /* ViewController.h */ = {isa = PBXFileReference; lastKnownFileType = sourcecode.c.h; path = ViewController.h; sourceTree = "<group>"; };
		B515947921365AF500AE94DB /* ViewController.m */ = {isa = PBXFileReference; lastKnownFileType = sourcecode.c.objc; path = ViewController.m; sourceTree = "<group>"; };
		B515947C21365AF500AE94DB /* Base */ = {isa = PBXFileReference; lastKnownFileType = file.storyboard; name = Base; path = Base.lproj/Main.storyboard; sourceTree = "<group>"; };
		B515947E21365AF700AE94DB /* Assets.xcassets */ = {isa = PBXFileReference; lastKnownFileType = folder.assetcatalog; path = Assets.xcassets; sourceTree = "<group>"; };
		B515948121365AF700AE94DB /* Base */ = {isa = PBXFileReference; lastKnownFileType = file.storyboard; name = Base; path = Base.lproj/LaunchScreen.storyboard; sourceTree = "<group>"; };
		B515948321365AF700AE94DB /* Info.plist */ = {isa = PBXFileReference; lastKnownFileType = text.plist.xml; path = Info.plist; sourceTree = "<group>"; };
		B515948421365AF700AE94DB /* main.m */ = {isa = PBXFileReference; lastKnownFileType = sourcecode.c.objc; path = main.m; sourceTree = "<group>"; };
		B515948A21365AF700AE94DB /* TestTests.xctest */ = {isa = PBXFileReference; explicitFileType = wrapper.cfbundle; includeInIndex = 0; path = TestTests.xctest; sourceTree = BUILT_PRODUCTS_DIR; };
		B515948E21365AF700AE94DB /* TestTests.m */ = {isa = PBXFileReference; lastKnownFileType = sourcecode.c.objc; path = TestTests.m; sourceTree = "<group>"; };
		B515949021365AF700AE94DB /* Info.plist */ = {isa = PBXFileReference; lastKnownFileType = text.plist.xml; path = Info.plist; sourceTree = "<group>"; };
		B515949521365AF700AE94DB /* TestUITests.xctest */ = {isa = PBXFileReference; explicitFileType = wrapper.cfbundle; includeInIndex = 0; path = TestUITests.xctest; sourceTree = BUILT_PRODUCTS_DIR; };
		B515949921365AF700AE94DB /* TestUITests.m */ = {isa = PBXFileReference; lastKnownFileType = sourcecode.c.objc; path = TestUITests.m; sourceTree = "<group>"; };
		B515949B21365AF700AE94DB /* Info.plist */ = {isa = PBXFileReference; lastKnownFileType = text.plist.xml; path = Info.plist; sourceTree = "<group>"; };
/* End PBXFileReference section */

/* Begin PBXFrameworksBuildPhase section */
		B515946F21365AF500AE94DB /* Frameworks */ = {
			isa = PBXFrameworksBuildPhase;
			buildActionMask = 2147483647;
			files = (
				57037E5B0C2EE26B87C383B1 /* libPods-Test.a in Frameworks */,
			);
			runOnlyForDeploymentPostprocessing = 0;
		};
		B515948721365AF700AE94DB /* Frameworks */ = {
			isa = PBXFrameworksBuildPhase;
			buildActionMask = 2147483647;
			files = (
			);
			runOnlyForDeploymentPostprocessing = 0;
		};
		B515949221365AF700AE94DB /* Frameworks */ = {
			isa = PBXFrameworksBuildPhase;
			buildActionMask = 2147483647;
			files = (
			);
			runOnlyForDeploymentPostprocessing = 0;
		};
/* End PBXFrameworksBuildPhase section */

/* Begin PBXGroup section */
		38A2FE4286F5C6A3A4B36638 /* Frameworks */ = {
			isa = PBXGroup;
			children = (
				54708D66E9D69338CA0B67A3 /* libPods-Test.a */,
			);
			name = Frameworks;
			sourceTree = "<group>";
		};
		8EF60073E20BAA841C5D8775 /* Pods */ = {
			isa = PBXGroup;
			children = (
				1C29EBF011869FE0606EBFDF /* Pods-Test.debug.xcconfig */,
				110103A75E304C565CB93275 /* Pods-Test.release.xcconfig */,
			);
			name = Pods;
			sourceTree = "<group>";
		};
		B515946921365AF500AE94DB = {
			isa = PBXGroup;
			children = (
				B515947421365AF500AE94DB /* Test */,
				B515948D21365AF700AE94DB /* TestTests */,
				B515949821365AF700AE94DB /* TestUITests */,
				B515947321365AF500AE94DB /* Products */,
				8EF60073E20BAA841C5D8775 /* Pods */,
				38A2FE4286F5C6A3A4B36638 /* Frameworks */,
			);
			sourceTree = "<group>";
		};
		B515947321365AF500AE94DB /* Products */ = {
			isa = PBXGroup;
			children = (
				B515947221365AF500AE94DB /* Test.app */,
				B515948A21365AF700AE94DB /* TestTests.xctest */,
				B515949521365AF700AE94DB /* TestUITests.xctest */,
			);
			name = Products;
			sourceTree = "<group>";
		};
		B515947421365AF500AE94DB /* Test */ = {
			isa = PBXGroup;
			children = (
				B515947521365AF500AE94DB /* AppDelegate.h */,
				B515947621365AF500AE94DB /* AppDelegate.m */,
				B515947821365AF500AE94DB /* ViewController.h */,
				B515947921365AF500AE94DB /* ViewController.m */,
				B515947B21365AF500AE94DB /* Main.storyboard */,
				B515947E21365AF700AE94DB /* Assets.xcassets */,
				B515948021365AF700AE94DB /* LaunchScreen.storyboard */,
				B515948321365AF700AE94DB /* Info.plist */,
				B515948421365AF700AE94DB /* main.m */,
			);
			path = Test;
			sourceTree = "<group>";
		};
		B515948D21365AF700AE94DB /* TestTests */ = {
			isa = PBXGroup;
			children = (
				B515948E21365AF700AE94DB /* TestTests.m */,
				B515949021365AF700AE94DB /* Info.plist */,
			);
			path = TestTests;
			sourceTree = "<group>";
		};
		B515949821365AF700AE94DB /* TestUITests */ = {
			isa = PBXGroup;
			children = (
				B515949921365AF700AE94DB /* TestUITests.m */,
				B515949B21365AF700AE94DB /* Info.plist */,
			);
			path = TestUITests;
			sourceTree = "<group>";
		};
/* End PBXGroup section */

/* Begin PBXNativeTarget section */
		B515947121365AF500AE94DB /* Test */ = {
			isa = PBXNativeTarget;
			buildConfigurationList = B515949E21365AF700AE94DB /* Build configuration list for PBXNativeTarget "Test" */;
			buildPhases = (
				C9F86C39888C8E608D9EC04A /* [CP] Check Pods Manifest.lock */,
				B515946E21365AF500AE94DB /* Sources */,
				B515946F21365AF500AE94DB /* Frameworks */,
				B515947021365AF500AE94DB /* Resources */,
			);
			buildRules = (
			);
			dependencies = (
			);
			name = Test;
			productName = Test;
			productReference = B515947221365AF500AE94DB /* Test.app */;
			productType = "com.apple.product-type.application";
		};
		B515948921365AF700AE94DB /* TestTests */ = {
			isa = PBXNativeTarget;
			buildConfigurationList = B51594A121365AF700AE94DB /* Build configuration list for PBXNativeTarget "TestTests" */;
			buildPhases = (
				B515948621365AF700AE94DB /* Sources */,
				B515948721365AF700AE94DB /* Frameworks */,
				B515948821365AF700AE94DB /* Resources */,
			);
			buildRules = (
			);
			dependencies = (
				B515948C21365AF700AE94DB /* PBXTargetDependency */,
			);
			name = TestTests;
			productName = TestTests;
			productReference = B515948A21365AF700AE94DB /* TestTests.xctest */;
			productType = "com.apple.product-type.bundle.unit-test";
		};
		B515949421365AF700AE94DB /* TestUITests */ = {
			isa = PBXNativeTarget;
			buildConfigurationList = B51594A421365AF700AE94DB /* Build configuration list for PBXNativeTarget "TestUITests" */;
			buildPhases = (
				B515949121365AF700AE94DB /* Sources */,
				B515949221365AF700AE94DB /* Frameworks */,
				B515949321365AF700AE94DB /* Resources */,
			);
			buildRules = (
			);
			dependencies = (
				B515949721365AF700AE94DB /* PBXTargetDependency */,
			);
			name = TestUITests;
			productName = TestUITests;
			productReference = B515949521365AF700AE94DB /* TestUITests.xctest */;
			productType = "com.apple.product-type.bundle.ui-testing";
		};
/* End PBXNativeTarget section */

/* Begin PBXProject section */
		B515946A21365AF500AE94DB /* Project object */ = {
			isa = PBXProject;
			attributes = {
				LastUpgradeCheck = 0940;
				ORGANIZATIONNAME = kmom;
				TargetAttributes = {
					B515947121365AF500AE94DB = {
						CreatedOnToolsVersion = 9.4.1;
					};
					B515948921365AF700AE94DB = {
						CreatedOnToolsVersion = 9.4.1;
						TestTargetID = B515947121365AF500AE94DB;
					};
					B515949421365AF700AE94DB = {
						CreatedOnToolsVersion = 9.4.1;
						TestTargetID = B515947121365AF500AE94DB;
					};
				};
			};
			buildConfigurationList = B515946D21365AF500AE94DB /* Build configuration list for PBXProject "Test" */;
			compatibilityVersion = "Xcode 9.3";
			developmentRegion = en;
			hasScannedForEncodings = 0;
			knownRegions = (
				en,
				Base,
			);
			mainGroup = B515946921365AF500AE94DB;
			productRefGroup = B515947321365AF500AE94DB /* Products */;
			projectDirPath = "";
			projectRoot = "";
			targets = (
				B515947121365AF500AE94DB /* Test */,
				B515948921365AF700AE94DB /* TestTests */,
				B515949421365AF700AE94DB /* TestUITests */,
			);
		};
/* End PBXProject section */

/* Begin PBXResourcesBuildPhase section */
		B515947021365AF500AE94DB /* Resources */ = {
			isa = PBXResourcesBuildPhase;
			buildActionMask = 2147483647;
			files = (
				B515948221365AF700AE94DB /* LaunchScreen.storyboard in Resources */,
				B515947F21365AF700AE94DB /* Assets.xcassets in Resources */,
				B515947D21365AF500AE94DB /* Main.storyboard in Resources */,
			);
			runOnlyForDeploymentPostprocessing = 0;
		};
		B515948821365AF700AE94DB /* Resources */ = {
			isa = PBXResourcesBuildPhase;
			buildActionMask = 2147483647;
			files = (
			);
			runOnlyForDeploymentPostprocessing = 0;
		};
		B515949321365AF700AE94DB /* Resources */ = {
			isa = PBXResourcesBuildPhase;
			buildActionMask = 2147483647;
			files = (
			);
			runOnlyForDeploymentPostprocessing = 0;
		};
/* End PBXResourcesBuildPhase section */

/* Begin PBXShellScriptBuildPhase section */
		C9F86C39888C8E608D9EC04A /* [CP] Check Pods Manifest.lock */ = {
			isa = PBXShellScriptBuildPhase;
			buildActionMask = 2147483647;
			files = (
			);
			inputFileListPaths = (
			);
			inputPaths = (
				"${PODS_PODFILE_DIR_PATH}/Podfile.lock",
				"${PODS_ROOT}/Manifest.lock",
			);
			name = "[CP] Check Pods Manifest.lock";
			outputFileListPaths = (
			);
			outputPaths = (
				"$(DERIVED_FILE_DIR)/Pods-Test-checkManifestLockResult.txt",
			);
			runOnlyForDeploymentPostprocessing = 0;
			shellPath = /bin/sh;
			shellScript = "diff \"${PODS_PODFILE_DIR_PATH}/Podfile.lock\" \"${PODS_ROOT}/Manifest.lock\" > /dev/null\nif [ $? != 0 ] ; then\n    # print error to STDERR\n    echo \"error: The sandbox is not in sync with the Podfile.lock. Run 'pod install' or update your CocoaPods installation.\" >&2\n    exit 1\nfi\n# This output is used by Xcode 'outputs' to avoid re-running this script phase.\necho \"SUCCESS\" > \"${SCRIPT_OUTPUT_FILE_0}\"\n";
			showEnvVarsInLog = 0;
		};
/* End PBXShellScriptBuildPhase section */

/* Begin PBXSourcesBuildPhase section */
		B515946E21365AF500AE94DB /* Sources */ = {
			isa = PBXSourcesBuildPhase;
			buildActionMask = 2147483647;
			files = (
				B515947A21365AF500AE94DB /* ViewController.m in Sources */,
				B515948521365AF700AE94DB /* main.m in Sources */,
				B515947721365AF500AE94DB /* AppDelegate.m in Sources */,
			);
			runOnlyForDeploymentPostprocessing = 0;
		};
		B515948621365AF700AE94DB /* Sources */ = {
			isa = PBXSourcesBuildPhase;
			buildActionMask = 2147483647;
			files = (
				B515948F21365AF700AE94DB /* TestTests.m in Sources */,
			);
			runOnlyForDeploymentPostprocessing = 0;
		};
		B515949121365AF700AE94DB /* Sources */ = {
			isa = PBXSourcesBuildPhase;
			buildActionMask = 2147483647;
			files = (
				B515949A21365AF700AE94DB /* TestUITests.m in Sources */,
			);
			runOnlyForDeploymentPostprocessing = 0;
		};
/* End PBXSourcesBuildPhase section */

/* Begin PBXTargetDependency section */
		B515948C21365AF700AE94DB /* PBXTargetDependency */ = {
			isa = PBXTargetDependency;
			target = B515947121365AF500AE94DB /* Test */;
			targetProxy = B515948B21365AF700AE94DB /* PBXContainerItemProxy */;
		};
		B515949721365AF700AE94DB /* PBXTargetDependency */ = {
			isa = PBXTargetDependency;
			target = B515947121365AF500AE94DB /* Test */;
			targetProxy = B515949621365AF700AE94DB /* PBXContainerItemProxy */;
		};
/* End PBXTargetDependency section */

/* Begin PBXVariantGroup section */
		B515947B21365AF500AE94DB /* Main.storyboard */ = {
			isa = PBXVariantGroup;
			children = (
				B515947C21365AF500AE94DB /* Base */,
			);
			name = Main.storyboard;
			sourceTree = "<group>";
		};
		B515948021365AF700AE94DB /* LaunchScreen.storyboard */ = {
			isa = PBXVariantGroup;
			children = (
				B515948121365AF700AE94DB /* Base */,
			);
			name = LaunchScreen.storyboard;
			sourceTree = "<group>";
		};
/* End PBXVariantGroup section */

/* Begin XCBuildConfiguration section */
		B515949C21365AF700AE94DB /* Debug */ = {
			isa = XCBuildConfiguration;
			buildSettings = {
				ALWAYS_SEARCH_USER_PATHS = NO;
				CLANG_ANALYZER_NONNULL = YES;
				CLANG_ANALYZER_NUMBER_OBJECT_CONVERSION = YES_AGGRESSIVE;
				CLANG_CXX_LANGUAGE_STANDARD = "gnu++14";
				CLANG_CXX_LIBRARY = "libc++";
				CLANG_ENABLE_MODULES = YES;
				CLANG_ENABLE_OBJC_ARC = YES;
				CLANG_ENABLE_OBJC_WEAK = YES;
				CLANG_WARN_BLOCK_CAPTURE_AUTORELEASING = YES;
				CLANG_WARN_BOOL_CONVERSION = YES;
				CLANG_WARN_COMMA = YES;
				CLANG_WARN_CONSTANT_CONVERSION = YES;
				CLANG_WARN_DEPRECATED_OBJC_IMPLEMENTATIONS = YES;
				CLANG_WARN_DIRECT_OBJC_ISA_USAGE = YES_ERROR;
				CLANG_WARN_DOCUMENTATION_COMMENTS = YES;
				CLANG_WARN_EMPTY_BODY = YES;
				CLANG_WARN_ENUM_CONVERSION = YES;
				CLANG_WARN_INFINITE_RECURSION = YES;
				CLANG_WARN_INT_CONVERSION = YES;
				CLANG_WARN_NON_LITERAL_NULL_CONVERSION = YES;
				CLANG_WARN_OBJC_IMPLICIT_RETAIN_SELF = YES;
				CLANG_WARN_OBJC_LITERAL_CONVERSION = YES;
				CLANG_WARN_OBJC_ROOT_CLASS = YES_ERROR;
				CLANG_WARN_RANGE_LOOP_ANALYSIS = YES;
				CLANG_WARN_STRICT_PROTOTYPES = YES;
				CLANG_WARN_SUSPICIOUS_MOVE = YES;
				CLANG_WARN_UNGUARDED_AVAILABILITY = YES_AGGRESSIVE;
				CLANG_WARN_UNREACHABLE_CODE = YES;
				CLANG_WARN__DUPLICATE_METHOD_MATCH = YES;
				CODE_SIGN_IDENTITY = "iPhone Developer";
				COPY_PHASE_STRIP = NO;
				DEBUG_INFORMATION_FORMAT = dwarf;
				ENABLE_STRICT_OBJC_MSGSEND = YES;
				ENABLE_TESTABILITY = YES;
				GCC_C_LANGUAGE_STANDARD = gnu11;
				GCC_DYNAMIC_NO_PIC = NO;
				GCC_NO_COMMON_BLOCKS = YES;
				GCC_OPTIMIZATION_LEVEL = 0;
				GCC_PREPROCESSOR_DEFINITIONS = (
					"DEBUG=1",
					"$(inherited)",
				);
				GCC_WARN_64_TO_32_BIT_CONVERSION = YES;
				GCC_WARN_ABOUT_RETURN_TYPE = YES_ERROR;
				GCC_WARN_UNDECLARED_SELECTOR = YES;
				GCC_WARN_UNINITIALIZED_AUTOS = YES_AGGRESSIVE;
				GCC_WARN_UNUSED_FUNCTION = YES;
				GCC_WARN_UNUSED_VARIABLE = YES;
				IPHONEOS_DEPLOYMENT_TARGET = 11.4;
				MTL_ENABLE_DEBUG_INFO = YES;
				ONLY_ACTIVE_ARCH = YES;
				SDKROOT = iphoneos;
			};
			name = Debug;
		};
		B515949D21365AF700AE94DB /* Release */ = {
			isa = XCBuildConfiguration;
			buildSettings = {
				ALWAYS_SEARCH_USER_PATHS = NO;
				CLANG_ANALYZER_NONNULL = YES;
				CLANG_ANALYZER_NUMBER_OBJECT_CONVERSION = YES_AGGRESSIVE;
				CLANG_CXX_LANGUAGE_STANDARD = "gnu++14";
				CLANG_CXX_LIBRARY = "libc++";
				CLANG_ENABLE_MODULES = YES;
				CLANG_ENABLE_OBJC_ARC = YES;
				CLANG_ENABLE_OBJC_WEAK = YES;
				CLANG_WARN_BLOCK_CAPTURE_AUTORELEASING = YES;
				CLANG_WARN_BOOL_CONVERSION = YES;
				CLANG_WARN_COMMA = YES;
				CLANG_WARN_CONSTANT_CONVERSION = YES;
				CLANG_WARN_DEPRECATED_OBJC_IMPLEMENTATIONS = YES;
				CLANG_WARN_DIRECT_OBJC_ISA_USAGE = YES_ERROR;
				CLANG_WARN_DOCUMENTATION_COMMENTS = YES;
				CLANG_WARN_EMPTY_BODY = YES;
				CLANG_WARN_ENUM_CONVERSION = YES;
				CLANG_WARN_INFINITE_RECURSION = YES;
				CLANG_WARN_INT_CONVERSION = YES;
				CLANG_WARN_NON_LITERAL_NULL_CONVERSION = YES;
				CLANG_WARN_OBJC_IMPLICIT_RETAIN_SELF = YES;
				CLANG_WARN_OBJC_LITERAL_CONVERSION = YES;
				CLANG_WARN_OBJC_ROOT_CLASS = YES_ERROR;
				CLANG_WARN_RANGE_LOOP_ANALYSIS = YES;
				CLANG_WARN_STRICT_PROTOTYPES = YES;
				CLANG_WARN_SUSPICIOUS_MOVE = YES;
				CLANG_WARN_UNGUARDED_AVAILABILITY = YES_AGGRESSIVE;
				CLANG_WARN_UNREACHABLE_CODE = YES;
				CLANG_WARN__DUPLICATE_METHOD_MATCH = YES;
				CODE_SIGN_IDENTITY = "iPhone Developer";
				COPY_PHASE_STRIP = NO;
				DEBUG_INFORMATION_FORMAT = "dwarf-with-dsym";
				ENABLE_NS_ASSERTIONS = NO;
				ENABLE_STRICT_OBJC_MSGSEND = YES;
				GCC_C_LANGUAGE_STANDARD = gnu11;
				GCC_NO_COMMON_BLOCKS = YES;
				GCC_WARN_64_TO_32_BIT_CONVERSION = YES;
				GCC_WARN_ABOUT_RETURN_TYPE = YES_ERROR;
				GCC_WARN_UNDECLARED_SELECTOR = YES;
				GCC_WARN_UNINITIALIZED_AUTOS = YES_AGGRESSIVE;
				GCC_WARN_UNUSED_FUNCTION = YES;
				GCC_WARN_UNUSED_VARIABLE = YES;
				IPHONEOS_DEPLOYMENT_TARGET = 11.4;
				MTL_ENABLE_DEBUG_INFO = NO;
				SDKROOT = iphoneos;
				VALIDATE_PRODUCT = YES;
			};
			name = Release;
		};
		B515949F21365AF700AE94DB /* Debug */ = {
			isa = XCBuildConfiguration;
			baseConfigurationReference = 1C29EBF011869FE0606EBFDF /* Pods-Test.debug.xcconfig */;
			buildSettings = {
				ASSETCATALOG_COMPILER_APPICON_NAME = AppIcon;
				CODE_SIGN_STYLE = Automatic;
				DEVELOPMENT_TEAM = XYBK7B7U6R;
				INFOPLIST_FILE = Test/Info.plist;
				IPHONEOS_DEPLOYMENT_TARGET = 8.0;
				LD_RUNPATH_SEARCH_PATHS = (
					"$(inherited)",
					"@executable_path/Frameworks",
				);
				PRODUCT_BUNDLE_IDENTIFIER = KMJKY.Test;
				PRODUCT_NAME = "$(TARGET_NAME)";
				TARGETED_DEVICE_FAMILY = "1,2";
			};
			name = Debug;
		};
		B51594A021365AF700AE94DB /* Release */ = {
			isa = XCBuildConfiguration;
			baseConfigurationReference = 110103A75E304C565CB93275 /* Pods-Test.release.xcconfig */;
			buildSettings = {
				ASSETCATALOG_COMPILER_APPICON_NAME = AppIcon;
				CODE_SIGN_STYLE = Automatic;
				DEVELOPMENT_TEAM = XYBK7B7U6R;
				INFOPLIST_FILE = Test/Info.plist;
				IPHONEOS_DEPLOYMENT_TARGET = 8.0;
				LD_RUNPATH_SEARCH_PATHS = (
					"$(inherited)",
					"@executable_path/Frameworks",
				);
				PRODUCT_BUNDLE_IDENTIFIER = KMJKY.Test;
				PRODUCT_NAME = "$(TARGET_NAME)";
				TARGETED_DEVICE_FAMILY = "1,2";
			};
			name = Release;
		};
		B51594A221365AF700AE94DB /* Debug */ = {
			isa = XCBuildConfiguration;
			buildSettings = {
				BUNDLE_LOADER = "$(TEST_HOST)";
				CODE_SIGN_STYLE = Automatic;
				INFOPLIST_FILE = TestTests/Info.plist;
				LD_RUNPATH_SEARCH_PATHS = (
					"$(inherited)",
					"@executable_path/Frameworks",
					"@loader_path/Frameworks",
				);
				PRODUCT_BUNDLE_IDENTIFIER = KMJKY.TestTests;
				PRODUCT_NAME = "$(TARGET_NAME)";
				TARGETED_DEVICE_FAMILY = "1,2";
				TEST_HOST = "$(BUILT_PRODUCTS_DIR)/Test.app/Test";
			};
			name = Debug;
		};
		B51594A321365AF700AE94DB /* Release */ = {
			isa = XCBuildConfiguration;
			buildSettings = {
				BUNDLE_LOADER = "$(TEST_HOST)";
				CODE_SIGN_STYLE = Automatic;
				INFOPLIST_FILE = TestTests/Info.plist;
				LD_RUNPATH_SEARCH_PATHS = (
					"$(inherited)",
					"@executable_path/Frameworks",
					"@loader_path/Frameworks",
				);
				PRODUCT_BUNDLE_IDENTIFIER = KMJKY.TestTests;
				PRODUCT_NAME = "$(TARGET_NAME)";
				TARGETED_DEVICE_FAMILY = "1,2";
				TEST_HOST = "$(BUILT_PRODUCTS_DIR)/Test.app/Test";
			};
			name = Release;
		};
		B51594A521365AF700AE94DB /* Debug */ = {
			isa = XCBuildConfiguration;
			buildSettings = {
				CODE_SIGN_STYLE = Automatic;
				INFOPLIST_FILE = TestUITests/Info.plist;
				LD_RUNPATH_SEARCH_PATHS = (
					"$(inherited)",
					"@executable_path/Frameworks",
					"@loader_path/Frameworks",
				);
				PRODUCT_BUNDLE_IDENTIFIER = KMJKY.TestUITests;
				PRODUCT_NAME = "$(TARGET_NAME)";
				TARGETED_DEVICE_FAMILY = "1,2";
				TEST_TARGET_NAME = Test;
			};
			name = Debug;
		};
		B51594A621365AF700AE94DB /* Release */ = {
			isa = XCBuildConfiguration;
			buildSettings = {
				CODE_SIGN_STYLE = Automatic;
				INFOPLIST_FILE = TestUITests/Info.plist;
				LD_RUNPATH_SEARCH_PATHS = (
					"$(inherited)",
					"@executable_path/Frameworks",
					"@loader_path/Frameworks",
				);
				PRODUCT_BUNDLE_IDENTIFIER = KMJKY.TestUITests;
				PRODUCT_NAME = "$(TARGET_NAME)";
				TARGETED_DEVICE_FAMILY = "1,2";
				TEST_TARGET_NAME = Test;
			};
			name = Release;
		};
/* End XCBuildConfiguration section */

/* Begin XCConfigurationList section */
		B515946D21365AF500AE94DB /* Build configuration list for PBXProject "Test" */ = {
			isa = XCConfigurationList;
			buildConfigurations = (
				B515949C21365AF700AE94DB /* Debug */,
				B515949D21365AF700AE94DB /* Release */,
			);
			defaultConfigurationIsVisible = 0;
			defaultConfigurationName = Release;
		};
		B515949E21365AF700AE94DB /* Build configuration list for PBXNativeTarget "Test" */ = {
			isa = XCConfigurationList;
			buildConfigurations = (
				B515949F21365AF700AE94DB /* Debug */,
				B51594A021365AF700AE94DB /* Release */,
			);
			defaultConfigurationIsVisible = 0;
			defaultConfigurationName = Release;
		};
		B51594A121365AF700AE94DB /* Build configuration list for PBXNativeTarget "TestTests" */ = {
			isa = XCConfigurationList;
			buildConfigurations = (
				B51594A221365AF700AE94DB /* Debug */,
				B51594A321365AF700AE94DB /* Release */,
			);
			defaultConfigurationIsVisible = 0;
			defaultConfigurationName = Release;
		};
		B51594A421365AF700AE94DB /* Build configuration list for PBXNativeTarget "TestUITests" */ = {
			isa = XCConfigurationList;
			buildConfigurations = (
				B51594A521365AF700AE94DB /* Debug */,
				B51594A621365AF700AE94DB /* Release */,
			);
			defaultConfigurationIsVisible = 0;
			defaultConfigurationName = Release;
		};
/* End XCConfigurationList section */
	};
	rootObject = B515946A21365AF500AE94DB /* Project object */;
}
